// !$*UTF8*$!
{
	archiveVersion = 1;
	classes = {
	};
	objectVersion = 46;
	objects = {

/* Begin PBXBuildFile section */
		77F875061CD841C000829886 /* main.m in Sources */ = {isa = PBXBuildFile; fileRef = 77F875051CD841C000829886 /* main.m */; };
		77F875091CD841C000829886 /* AppDelegate.m in Sources */ = {isa = PBXBuildFile; fileRef = 77F875081CD841C000829886 /* AppDelegate.m */; };
		77F8750C1CD841C000829886 /* ViewController.m in Sources */ = {isa = PBXBuildFile; fileRef = 77F8750B1CD841C000829886 /* ViewController.m */; };
		77F8750F1CD841C000829886 /* Main.storyboard in Resources */ = {isa = PBXBuildFile; fileRef = 77F8750D1CD841C000829886 /* Main.storyboard */; };
		77F875111CD841C000829886 /* Assets.xcassets in Resources */ = {isa = PBXBuildFile; fileRef = 77F875101CD841C000829886 /* Assets.xcassets */; };
		77F875141CD841C000829886 /* LaunchScreen.storyboard in Resources */ = {isa = PBXBuildFile; fileRef = 77F875121CD841C000829886 /* LaunchScreen.storyboard */; };
		77F8751F1CD841C100829886 /* _503ButtonBardgeTests.m in Sources */ = {isa = PBXBuildFile; fileRef = 77F8751E1CD841C100829886 /* _503ButtonBardgeTests.m */; };
		77F8752A1CD841C100829886 /* _503ButtonBardgeUITests.m in Sources */ = {isa = PBXBuildFile; fileRef = 77F875291CD841C100829886 /* _503ButtonBardgeUITests.m */; };
		77F8753A1CD8429200829886 /* UIView+AddBardge.m in Sources */ = {isa = PBXBuildFile; fileRef = 77F875391CD8429200829886 /* UIView+AddBardge.m */; };
/* End PBXBuildFile section */

/* Begin PBXContainerItemProxy section */
		77F8751B1CD841C100829886 /* PBXContainerItemProxy */ = {
			isa = PBXContainerItemProxy;
			containerPortal = 77F874F91CD841C000829886 /* Project object */;
			proxyType = 1;
			remoteGlobalIDString = 77F875001CD841C000829886;
			remoteInfo = 0503ButtonBardge;
		};
		77F875261CD841C100829886 /* PBXContainerItemProxy */ = {
			isa = PBXContainerItemProxy;
			containerPortal = 77F874F91CD841C000829886 /* Project object */;
			proxyType = 1;
			remoteGlobalIDString = 77F875001CD841C000829886;
			remoteInfo = 0503ButtonBardge;
		};
/* End PBXContainerItemProxy section */

/* Begin PBXFileReference section */
		77F875011CD841C000829886 /* 0503ButtonBardge.app */ = {isa = PBXFileReference; explicitFileType = wrapper.application; includeInIndex = 0; path = 0503ButtonBardge.app; sourceTree = BUILT_PRODUCTS_DIR; };
		77F875051CD841C000829886 /* main.m */ = {isa = PBXFileReference; lastKnownFileType = sourcecode.c.objc; path = main.m; sourceTree = "<group>"; };
		77F875071CD841C000829886 /* AppDelegate.h */ = {isa = PBXFileReference; lastKnownFileType = sourcecode.c.h; path = AppDelegate.h; sourceTree = "<group>"; };
		77F875081CD841C000829886 /* AppDelegate.m */ = {isa = PBXFileReference; lastKnownFileType = sourcecode.c.objc; path = AppDelegate.m; sourceTree = "<group>"; };
		77F8750A1CD841C000829886 /* ViewController.h */ = {isa = PBXFileReference; lastKnownFileType = sourcecode.c.h; path = ViewController.h; sourceTree = "<group>"; };
		77F8750B1CD841C000829886 /* ViewController.m */ = {isa = PBXFileReference; lastKnownFileType = sourcecode.c.objc; path = ViewController.m; sourceTree = "<group>"; };
		77F8750E1CD841C000829886 /* Base */ = {isa = PBXFileReference; lastKnownFileType = file.storyboard; name = Base; path = Base.lproj/Main.storyboard; sourceTree = "<group>"; };
		77F875101CD841C000829886 /* Assets.xcassets */ = {isa = PBXFileReference; lastKnownFileType = folder.assetcatalog; path = Assets.xcassets; sourceTree = "<group>"; };
		77F875131CD841C000829886 /* Base */ = {isa = PBXFileReference; lastKnownFileType = file.storyboard; name = Base; path = Base.lproj/LaunchScreen.storyboard; sourceTree = "<group>"; };
		77F875151CD841C000829886 /* Info.plist */ = {isa = PBXFileReference; lastKnownFileType = text.plist.xml; path = Info.plist; sourceTree = "<group>"; };
		77F8751A1CD841C100829886 /* 0503ButtonBardgeTests.xctest */ = {isa = PBXFileReference; explicitFileType = wrapper.cfbundle; includeInIndex = 0; path = 0503ButtonBardgeTests.xctest; sourceTree = BUILT_PRODUCTS_DIR; };
		77F8751E1CD841C100829886 /* _503ButtonBardgeTests.m */ = {isa = PBXFileReference; lastKnownFileType = sourcecode.c.objc; path = _503ButtonBardgeTests.m; sourceTree = "<group>"; };
		77F875201CD841C100829886 /* Info.plist */ = {isa = PBXFileReference; lastKnownFileType = text.plist.xml; path = Info.plist; sourceTree = "<group>"; };
		77F875251CD841C100829886 /* 0503ButtonBardgeUITests.xctest */ = {isa = PBXFileReference; explicitFileType = wrapper.cfbundle; includeInIndex = 0; path = 0503ButtonBardgeUITests.xctest; sourceTree = BUILT_PRODUCTS_DIR; };
		77F875291CD841C100829886 /* _503ButtonBardgeUITests.m */ = {isa = PBXFileReference; lastKnownFileType = sourcecode.c.objc; path = _503ButtonBardgeUITests.m; sourceTree = "<group>"; };
		77F8752B1CD841C100829886 /* Info.plist */ = {isa = PBXFileReference; lastKnownFileType = text.plist.xml; path = Info.plist; sourceTree = "<group>"; };
		77F875381CD8429200829886 /* UIView+AddBardge.h */ = {isa = PBXFileReference; fileEncoding = 4; lastKnownFileType = sourcecode.c.h; path = "UIView+AddBardge.h"; sourceTree = "<group>"; };
		77F875391CD8429200829886 /* UIView+AddBardge.m */ = {isa = PBXFileReference; fileEncoding = 4; lastKnownFileType = sourcecode.c.objc; path = "UIView+AddBardge.m"; sourceTree = "<group>"; };
/* End PBXFileReference section */

/* Begin PBXFrameworksBuildPhase section */
		77F874FE1CD841C000829886 /* Frameworks */ = {
			isa = PBXFrameworksBuildPhase;
			buildActionMask = 2147483647;
			files = (
			);
			runOnlyForDeploymentPostprocessing = 0;
		};
		77F875171CD841C100829886 /* Frameworks */ = {
			isa = PBXFrameworksBuildPhase;
			buildActionMask = 2147483647;
			files = (
			);
			runOnlyForDeploymentPostprocessing = 0;
		};
		77F875221CD841C100829886 /* Frameworks */ = {
			isa = PBXFrameworksBuildPhase;
			buildActionMask = 2147483647;
			files = (
			);
			runOnlyForDeploymentPostprocessing = 0;
		};
/* End PBXFrameworksBuildPhase section */

/* Begin PBXGroup section */
		77F874F81CD841C000829886 = {
			isa = PBXGroup;
			children = (
				77F875381CD8429200829886 /* UIView+AddBardge.h */,
				77F875391CD8429200829886 /* UIView+AddBardge.m */,
				77F875031CD841C000829886 /* 0503ButtonBardge */,
				77F8751D1CD841C100829886 /* 0503ButtonBardgeTests */,
				77F875281CD841C100829886 /* 0503ButtonBardgeUITests */,
				77F875021CD841C000829886 /* Products */,
			);
			sourceTree = "<group>";
		};
		77F875021CD841C000829886 /* Products */ = {
			isa = PBXGroup;
			children = (
				77F875011CD841C000829886 /* 0503ButtonBardge.app */,
				77F8751A1CD841C100829886 /* 0503ButtonBardgeTests.xctest */,
				77F875251CD841C100829886 /* 0503ButtonBardgeUITests.xctest */,
			);
			name = Products;
			sourceTree = "<group>";
		};
		77F875031CD841C000829886 /* 0503ButtonBardge */ = {
			isa = PBXGroup;
			children = (
				77F875071CD841C000829886 /* AppDelegate.h */,
				77F875081CD841C000829886 /* AppDelegate.m */,
				77F8750A1CD841C000829886 /* ViewController.h */,
				77F8750B1CD841C000829886 /* ViewController.m */,
				77F8750D1CD841C000829886 /* Main.storyboard */,
				77F875101CD841C000829886 /* Assets.xcassets */,
				77F875121CD841C000829886 /* LaunchScreen.storyboard */,
				77F875151CD841C000829886 /* Info.plist */,
				77F875041CD841C000829886 /* Supporting Files */,
			);
			path = 0503ButtonBardge;
			sourceTree = "<group>";
		};
		77F875041CD841C000829886 /* Supporting Files */ = {
			isa = PBXGroup;
			children = (
				77F875051CD841C000829886 /* main.m */,
			);
			name = "Supporting Files";
			sourceTree = "<group>";
		};
		77F8751D1CD841C100829886 /* 0503ButtonBardgeTests */ = {
			isa = PBXGroup;
			children = (
				77F8751E1CD841C100829886 /* _503ButtonBardgeTests.m */,
				77F875201CD841C100829886 /* Info.plist */,
			);
			path = 0503ButtonBardgeTests;
			sourceTree = "<group>";
		};
		77F875281CD841C100829886 /* 0503ButtonBardgeUITests */ = {
			isa = PBXGroup;
			children = (
				77F875291CD841C100829886 /* _503ButtonBardgeUITests.m */,
				77F8752B1CD841C100829886 /* Info.plist */,
			);
			path = 0503ButtonBardgeUITests;
			sourceTree = "<group>";
		};
/* End PBXGroup section */

/* Begin PBXNativeTarget section */
		77F875001CD841C000829886 /* 0503ButtonBardge */ = {
			isa = PBXNativeTarget;
			buildConfigurationList = 77F8752E1CD841C100829886 /* Build configuration list for PBXNativeTarget "0503ButtonBardge" */;
			buildPhases = (
				77F874FD1CD841C000829886 /* Sources */,
				77F874FE1CD841C000829886 /* Frameworks */,
				77F874FF1CD841C000829886 /* Resources */,
			);
			buildRules = (
			);
			dependencies = (
			);
			name = 0503ButtonBardge;
			productName = 0503ButtonBardge;
			productReference = 77F875011CD841C000829886 /* 0503ButtonBardge.app */;
			productType = "com.apple.product-type.application";
		};
		77F875191CD841C100829886 /* 0503ButtonBardgeTests */ = {
			isa = PBXNativeTarget;
			buildConfigurationList = 77F875311CD841C100829886 /* Build configuration list for PBXNativeTarget "0503ButtonBardgeTests" */;
			buildPhases = (
				77F875161CD841C100829886 /* Sources */,
				77F875171CD841C100829886 /* Frameworks */,
				77F875181CD841C100829886 /* Resources */,
			);
			buildRules = (
			);
			dependencies = (
				77F8751C1CD841C100829886 /* PBXTargetDependency */,
			);
			name = 0503ButtonBardgeTests;
			productName = 0503ButtonBardgeTests;
			productReference = 77F8751A1CD841C100829886 /* 0503ButtonBardgeTests.xctest */;
			productType = "com.apple.product-type.bundle.unit-test";
		};
		77F875241CD841C100829886 /* 0503ButtonBardgeUITests */ = {
			isa = PBXNativeTarget;
			buildConfigurationList = 77F875341CD841C100829886 /* Build configuration list for PBXNativeTarget "0503ButtonBardgeUITests" */;
			buildPhases = (
				77F875211CD841C100829886 /* Sources */,
				77F875221CD841C100829886 /* Frameworks */,
				77F875231CD841C100829886 /* Resources */,
			);
			buildRules = (
			);
			dependencies = (
				77F875271CD841C100829886 /* PBXTargetDependency */,
			);
			name = 0503ButtonBardgeUITests;
			productName = 0503ButtonBardgeUITests;
			productReference = 77F875251CD841C100829886 /* 0503ButtonBardgeUITests.xctest */;
			productType = "com.apple.product-type.bundle.ui-testing";
		};
/* End PBXNativeTarget section */

/* Begin PBXProject section */
		77F874F91CD841C000829886 /* Project object */ = {
			isa = PBXProject;
			attributes = {
				LastUpgradeCheck = 0730;
				ORGANIZATIONNAME = "张斌";
				TargetAttributes = {
					77F875001CD841C000829886 = {
						CreatedOnToolsVersion = 7.3;
					};
					77F875191CD841C100829886 = {
						CreatedOnToolsVersion = 7.3;
						TestTargetID = 77F875001CD841C000829886;
					};
					77F875241CD841C100829886 = {
						CreatedOnToolsVersion = 7.3;
						TestTargetID = 77F875001CD841C000829886;
					};
				};
			};
			buildConfigurationList = 77F874FC1CD841C000829886 /* Build configuration list for PBXProject "0503ButtonBardge" */;
			compatibilityVersion = "Xcode 3.2";
			developmentRegion = English;
			hasScannedForEncodings = 0;
			knownRegions = (
				en,
				Base,
			);
			mainGroup = 77F874F81CD841C000829886;
			productRefGroup = 77F875021CD841C000829886 /* Products */;
			projectDirPath = "";
			projectRoot = "";
			targets = (
				77F875001CD841C000829886 /* 0503ButtonBardge */,
				77F875191CD841C100829886 /* 0503ButtonBardgeTests */,
				77F875241CD841C100829886 /* 0503ButtonBardgeUITests */,
			);
		};
/* End PBXProject section */

/* Begin PBXResourcesBuildPhase section */
		77F874FF1CD841C000829886 /* Resources */ = {
			isa = PBXResourcesBuildPhase;
			buildActionMask = 2147483647;
			files = (
				77F875141CD841C000829886 /* LaunchScreen.storyboard in Resources */,
				77F875111CD841C000829886 /* Assets.xcassets in Resources */,
				77F8750F1CD841C000829886 /* Main.storyboard in Resources */,
			);
			runOnlyForDeploymentPostprocessing = 0;
		};
		77F875181CD841C100829886 /* Resources */ = {
			isa = PBXResourcesBuildPhase;
			buildActionMask = 2147483647;
			files = (
			);
			runOnlyForDeploymentPostprocessing = 0;
		};
		77F875231CD841C100829886 /* Resources */ = {
			isa = PBXResourcesBuildPhase;
			buildActionMask = 2147483647;
			files = (
			);
			runOnlyForDeploymentPostprocessing = 0;
		};
/* End PBXResourcesBuildPhase section */

/* Begin PBXSourcesBuildPhase section */
		77F874FD1CD841C000829886 /* Sources */ = {
			isa = PBXSourcesBuildPhase;
			buildActionMask = 2147483647;
			files = (
				77F8750C1CD841C000829886 /* ViewController.m in Sources */,
				77F875091CD841C000829886 /* AppDelegate.m in Sources */,
				77F875061CD841C000829886 /* main.m in Sources */,
				77F8753A1CD8429200829886 /* UIView+AddBardge.m in Sources */,
			);
			runOnlyForDeploymentPostprocessing = 0;
		};
		77F875161CD841C100829886 /* Sources */ = {
			isa = PBXSourcesBuildPhase;
			buildActionMask = 2147483647;
			files = (
				77F8751F1CD841C100829886 /* _503ButtonBardgeTests.m in Sources */,
			);
			runOnlyForDeploymentPostprocessing = 0;
		};
		77F875211CD841C100829886 /* Sources */ = {
			isa = PBXSourcesBuildPhase;
			buildActionMask = 2147483647;
			files = (
				77F8752A1CD841C100829886 /* _503ButtonBardgeUITests.m in Sources */,
			);
			runOnlyForDeploymentPostprocessing = 0;
		};
/* End PBXSourcesBuildPhase section */

/* Begin PBXTargetDependency section */
		77F8751C1CD841C100829886 /* PBXTargetDependency */ = {
			isa = PBXTargetDependency;
			target = 77F875001CD841C000829886 /* 0503ButtonBardge */;
			targetProxy = 77F8751B1CD841C100829886 /* PBXContainerItemProxy */;
		};
		77F875271CD841C100829886 /* PBXTargetDependency */ = {
			isa = PBXTargetDependency;
			target = 77F875001CD841C000829886 /* 0503ButtonBardge */;
			targetProxy = 77F875261CD841C100829886 /* PBXContainerItemProxy */;
		};
/* End PBXTargetDependency section */

/* Begin PBXVariantGroup section */
		77F8750D1CD841C000829886 /* Main.storyboard */ = {
			isa = PBXVariantGroup;
			children = (
				77F8750E1CD841C000829886 /* Base */,
			);
			name = Main.storyboard;
			sourceTree = "<group>";
		};
		77F875121CD841C000829886 /* LaunchScreen.storyboard */ = {
			isa = PBXVariantGroup;
			children = (
				77F875131CD841C000829886 /* Base */,
			);
			name = LaunchScreen.storyboard;
			sourceTree = "<group>";
		};
/* End PBXVariantGroup section */

/* Begin XCBuildConfiguration section */
		77F8752C1CD841C100829886 /* Debug */ = {
			isa = XCBuildConfiguration;
			buildSettings = {
				ALWAYS_SEARCH_USER_PATHS = NO;
				CLANG_ANALYZER_NONNULL = YES;
				CLANG_CXX_LANGUAGE_STANDARD = "gnu++0x";
				CLANG_CXX_LIBRARY = "libc++";
				CLANG_ENABLE_MODULES = YES;
				CLANG_ENABLE_OBJC_ARC = YES;
				CLANG_WARN_BOOL_CONVERSION = YES;
				CLANG_WARN_CONSTANT_CONVERSION = YES;
				CLANG_WARN_DIRECT_OBJC_ISA_USAGE = YES_ERROR;
				CLANG_WARN_EMPTY_BODY = YES;
				CLANG_WARN_ENUM_CONVERSION = YES;
				CLANG_WARN_INT_CONVERSION = YES;
				CLANG_WARN_OBJC_ROOT_CLASS = YES_ERROR;
				CLANG_WARN_UNREACHABLE_CODE = YES;
				CLANG_WARN__DUPLICATE_METHOD_MATCH = YES;
				"CODE_SIGN_IDENTITY[sdk=iphoneos*]" = "iPhone Developer";
				COPY_PHASE_STRIP = NO;
				DEBUG_INFORMATION_FORMAT = dwarf;
				ENABLE_STRICT_OBJC_MSGSEND = YES;
				ENABLE_TESTABILITY = YES;
				GCC_C_LANGUAGE_STANDARD = gnu99;
				GCC_DYNAMIC_NO_PIC = NO;
				GCC_NO_COMMON_BLOCKS = YES;
				GCC_OPTIMIZATION_LEVEL = 0;
				GCC_PREPROCESSOR_DEFINITIONS = (
					"DEBUG=1",
					"$(inherited)",
				);
				GCC_WARN_64_TO_32_BIT_CONVERSION = YES;
				GCC_WARN_ABOUT_RETURN_TYPE = YES_ERROR;
				GCC_WARN_UNDECLARED_SELECTOR = YES;
				GCC_WARN_UNINITIALIZED_AUTOS = YES_AGGRESSIVE;
				GCC_WARN_UNUSED_FUNCTION = YES;
				GCC_WARN_UNUSED_VARIABLE = YES;
				IPHONEOS_DEPLOYMENT_TARGET = 9.3;
				MTL_ENABLE_DEBUG_INFO = YES;
				ONLY_ACTIVE_ARCH = YES;
				SDKROOT = iphoneos;
				TARGETED_DEVICE_FAMILY = "1,2";
			};
			name = Debug;
		};
		77F8752D1CD841C100829886 /* Release */ = {
			isa = XCBuildConfiguration;
			buildSettings = {
				ALWAYS_SEARCH_USER_PATHS = NO;
				CLANG_ANALYZER_NONNULL = YES;
				CLANG_CXX_LANGUAGE_STANDARD = "gnu++0x";
				CLANG_CXX_LIBRARY = "libc++";
				CLANG_ENABLE_MODULES = YES;
				CLANG_ENABLE_OBJC_ARC = YES;
				CLANG_WARN_BOOL_CONVERSION = YES;
				CLANG_WARN_CONSTANT_CONVERSION = YES;
				CLANG_WARN_DIRECT_OBJC_ISA_USAGE = YES_ERROR;
				CLANG_WARN_EMPTY_BODY = YES;
				CLANG_WARN_ENUM_CONVERSION = YES;
				CLANG_WARN_INT_CONVERSION = YES;
				CLANG_WARN_OBJC_ROOT_CLASS = YES_ERROR;
				CLANG_WARN_UNREACHABLE_CODE = YES;
				CLANG_WARN__DUPLICATE_METHOD_MATCH = YES;
				"CODE_SIGN_IDENTITY[sdk=iphoneos*]" = "iPhone Developer";
				COPY_PHASE_STRIP = NO;
				DEBUG_INFORMATION_FORMAT = "dwarf-with-dsym";
				ENABLE_NS_ASSERTIONS = NO;
				ENABLE_STRICT_OBJC_MSGSEND = YES;
				GCC_C_LANGUAGE_STANDARD = gnu99;
				GCC_NO_COMMON_BLOCKS = YES;
				GCC_WARN_64_TO_32_BIT_CONVERSION = YES;
				GCC_WARN_ABOUT_RETURN_TYPE = YES_ERROR;
				GCC_WARN_UNDECLARED_SELECTOR = YES;
				GCC_WARN_UNINITIALIZED_AUTOS = YES_AGGRESSIVE;
				GCC_WARN_UNUSED_FUNCTION = YES;
				GCC_WARN_UNUSED_VARIABLE = YES;
				IPHONEOS_DEPLOYMENT_TARGET = 9.3;
				MTL_ENABLE_DEBUG_INFO = NO;
				SDKROOT = iphoneos;
				TARGETED_DEVICE_FAMILY = "1,2";
				VALIDATE_PRODUCT = YES;
			};
			name = Release;
		};
		77F8752F1CD841C100829886 /* Debug */ = {
			isa = XCBuildConfiguration;
			buildSettings = {
				ASSETCATALOG_COMPILER_APPICON_NAME = AppIcon;
				INFOPLIST_FILE = 0503ButtonBardge/Info.plist;
				LD_RUNPATH_SEARCH_PATHS = "$(inherited) @executable_path/Frameworks";
				PRODUCT_BUNDLE_IDENTIFIER = "com.BZ.-503ButtonBardge";
				PRODUCT_NAME = "$(TARGET_NAME)";
			};
			name = Debug;
		};
		77F875301CD841C100829886 /* Release */ = {
			isa = XCBuildConfiguration;
			buildSettings = {
				ASSETCATALOG_COMPILER_APPICON_NAME = AppIcon;
				INFOPLIST_FILE = 0503ButtonBardge/Info.plist;
				LD_RUNPATH_SEARCH_PATHS = "$(inherited) @executable_path/Frameworks";
				PRODUCT_BUNDLE_IDENTIFIER = "com.BZ.-503ButtonBardge";
				PRODUCT_NAME = "$(TARGET_NAME)";
			};
			name = Release;
		};
		77F875321CD841C100829886 /* Debug */ = {
			isa = XCBuildConfiguration;
			buildSettings = {
				BUNDLE_LOADER = "$(TEST_HOST)";
				INFOPLIST_FILE = 0503ButtonBardgeTests/Info.plist;
				LD_RUNPATH_SEARCH_PATHS = "$(inherited) @executable_path/Frameworks @loader_path/Frameworks";
				PRODUCT_BUNDLE_IDENTIFIER = "com.BZ.-503ButtonBardgeTests";
				PRODUCT_NAME = "$(TARGET_NAME)";
				TEST_HOST = "$(BUILT_PRODUCTS_DIR)/0503ButtonBardge.app/0503ButtonBardge";
			};
			name = Debug;
		};
		77F875331CD841C100829886 /* Release */ = {
			isa = XCBuildConfiguration;
			buildSettings = {
				BUNDLE_LOADER = "$(TEST_HOST)";
				INFOPLIST_FILE = 0503ButtonBardgeTests/Info.plist;
				LD_RUNPATH_SEARCH_PATHS = "$(inherited) @executable_path/Frameworks @loader_path/Frameworks";
				PRODUCT_BUNDLE_IDENTIFIER = "com.BZ.-503ButtonBardgeTests";
				PRODUCT_NAME = "$(TARGET_NAME)";
				TEST_HOST = "$(BUILT_PRODUCTS_DIR)/0503ButtonBardge.app/0503ButtonBardge";
			};
			name = Release;
		};
		77F875351CD841C100829886 /* Debug */ = {
			isa = XCBuildConfiguration;
			buildSettings = {
				INFOPLIST_FILE = 0503ButtonBardgeUITests/Info.plist;
				LD_RUNPATH_SEARCH_PATHS = "$(inherited) @executable_path/Frameworks @loader_path/Frameworks";
				PRODUCT_BUNDLE_IDENTIFIER = "com.BZ.-503ButtonBardgeUITests";
				PRODUCT_NAME = "$(TARGET_NAME)";
				TEST_TARGET_NAME = 0503ButtonBardge;
			};
			name = Debug;
		};
		77F875361CD841C100829886 /* Release */ = {
			isa = XCBuildConfiguration;
			buildSettings = {
				INFOPLIST_FILE = 0503ButtonBardgeUITests/Info.plist;
				LD_RUNPATH_SEARCH_PATHS = "$(inherited) @executable_path/Frameworks @loader_path/Frameworks";
				PRODUCT_BUNDLE_IDENTIFIER = "com.BZ.-503ButtonBardgeUITests";
				PRODUCT_NAME = "$(TARGET_NAME)";
				TEST_TARGET_NAME = 0503ButtonBardge;
			};
			name = Release;
		};
/* End XCBuildConfiguration section */

/* Begin XCConfigurationList section */
		77F874FC1CD841C000829886 /* Build configuration list for PBXProject "0503ButtonBardge" */ = {
			isa = XCConfigurationList;
			buildConfigurations = (
				77F8752C1CD841C100829886 /* Debug */,
				77F8752D1CD841C100829886 /* Release */,
			);
			defaultConfigurationIsVisible = 0;
			defaultConfigurationName = Release;
		};
		77F8752E1CD841C100829886 /* Build configuration list for PBXNativeTarget "0503ButtonBardge" */ = {
			isa = XCConfigurationList;
			buildConfigurations = (
				77F8752F1CD841C100829886 /* Debug */,
				77F875301CD841C100829886 /* Release */,
			);
			defaultConfigurationIsVisible = 0;
		};
		77F875311CD841C100829886 /* Build configuration list for PBXNativeTarget "0503ButtonBardgeTests" */ = {
			isa = XCConfigurationList;
			buildConfigurations = (
				77F875321CD841C100829886 /* Debug */,
				77F875331CD841C100829886 /* Release */,
			);
			defaultConfigurationIsVisible = 0;
		};
		77F875341CD841C100829886 /* Build configuration list for PBXNativeTarget "0503ButtonBardgeUITests" */ = {
			isa = XCConfigurationList;
			buildConfigurations = (
				77F875351CD841C100829886 /* Debug */,
				77F875361CD841C100829886 /* Release */,
			);
			defaultConfigurationIsVisible = 0;
		};
/* End XCConfigurationList section */
	};
	rootObject = 77F874F91CD841C000829886 /* Project object */;
}
